
Microsoft Visual Studio Solution File, Format Version 12.00
# Visual Studio Version 17
VisualStudioVersion = 17.12.35514.174
MinimumVisualStudioVersion = 10.0.40219.1
Project("{FAE04EC0-301F-11D3-BF4B-00C04F79EFBC}") = "BulkyBookWeb", "BulkyWeb\BulkyBookWeb.csproj", "{F15BA423-D083-4A66-BEA4-0EC70EE8D14C}"
	ProjectSection(ProjectDependencies) = postProject
		{92CE3EF5-ACA0-4159-8ADF-2A52A34E5D90} = {92CE3EF5-ACA0-4159-8ADF-2A52A34E5D90}
		{A9AFA5F2-BC85-42DF-961D-1A457ED710AA} = {A9AFA5F2-BC85-42DF-961D-1A457ED710AA}
	EndProjectSection
EndProject
Project("{FAE04EC0-301F-11D3-BF4B-00C04F79EFBC}") = "BulkyBook.DataAccess", "Bulky.DataAccess\BulkyBook.DataAccess.csproj", "{A9AFA5F2-BC85-42DF-961D-1A457ED710AA}"
EndProject
Project("{FAE04EC0-301F-11D3-BF4B-00C04F79EFBC}") = "BulkyBook.Models", "Bulky.Models\BulkyBook.Models.csproj", "{92CE3EF5-ACA0-4159-8ADF-2A52A34E5D90}"
EndProject
Project("{FAE04EC0-301F-11D3-BF4B-00C04F79EFBC}") = "BulkyBook.Utility", "Buly.Utility\BulkyBook.Utility.csproj", "{F5003662-A340-458B-B80E-81574DC7AB3A}"
EndProject
Global
	GlobalSection(SolutionConfigurationPlatforms) = preSolution
		Debug|Any CPU = Debug|Any CPU
		Release|Any CPU = Release|Any CPU
	EndGlobalSection
	GlobalSection(ProjectConfigurationPlatforms) = postSolution
		{F15BA423-D083-4A66-BEA4-0EC70EE8D14C}.Debug|Any CPU.ActiveCfg = Debug|Any CPU
		{F15BA423-D083-4A66-BEA4-0EC70EE8D14C}.Debug|Any CPU.Build.0 = Debug|Any CPU
		{F15BA423-D083-4A66-BEA4-0EC70EE8D14C}.Release|Any CPU.ActiveCfg = Release|Any CPU
		{F15BA423-D083-4A66-BEA4-0EC70EE8D14C}.Release|Any CPU.Build.0 = Release|Any CPU
		{A9AFA5F2-BC85-42DF-961D-1A457ED710AA}.Debug|Any CPU.ActiveCfg = Debug|Any CPU
		{A9AFA5F2-BC85-42DF-961D-1A457ED710AA}.Debug|Any CPU.Build.0 = Debug|Any CPU
		{A9AFA5F2-BC85-42DF-961D-1A457ED710AA}.Release|Any CPU.ActiveCfg = Release|Any CPU
		{A9AFA5F2-BC85-42DF-961D-1A457ED710AA}.Release|Any CPU.Build.0 = Release|Any CPU
		{92CE3EF5-ACA0-4159-8ADF-2A52A34E5D90}.Debug|Any CPU.ActiveCfg = Debug|Any CPU
		{92CE3EF5-ACA0-4159-8ADF-2A52A34E5D90}.Debug|Any CPU.Build.0 = Debug|Any CPU
		{92CE3EF5-ACA0-4159-8ADF-2A52A34E5D90}.Release|Any CPU.ActiveCfg = Release|Any CPU
		{92CE3EF5-ACA0-4159-8ADF-2A52A34E5D90}.Release|Any CPU.Build.0 = Release|Any CPU
		{F5003662-A340-458B-B80E-81574DC7AB3A}.Debug|Any CPU.ActiveCfg = Debug|Any CPU
		{F5003662-A340-458B-B80E-81574DC7AB3A}.Debug|Any CPU.Build.0 = Debug|Any CPU
		{F5003662-A340-458B-B80E-81574DC7AB3A}.Release|Any CPU.ActiveCfg = Release|Any CPU
		{F5003662-A340-458B-B80E-81574DC7AB3A}.Release|Any CPU.Build.0 = Release|Any CPU
	EndGlobalSection
	GlobalSection(SolutionProperties) = preSolution
		HideSolutionNode = FALSE
	EndGlobalSection
EndGlobal
